// !$*UTF8*$!
{
	archiveVersion = 1;
	classes = {
	};
	objectVersion = 56;
	objects = {

/* Begin PBXBuildFile section */
		19112C282A3CFDC600CF9C10 /* PeopleUseCases.swift in Sources */ = {isa = PBXBuildFile; fileRef = 19112C272A3CFDC600CF9C10 /* PeopleUseCases.swift */; };
		19112C2B2A408FE000CF9C10 /* Destination.swift in Sources */ = {isa = PBXBuildFile; fileRef = 19112C2A2A408FE000CF9C10 /* Destination.swift */; };
		19112C2E2A40921800CF9C10 /* DetailScreenCoordinator.swift in Sources */ = {isa = PBXBuildFile; fileRef = 19112C2D2A40921800CF9C10 /* DetailScreenCoordinator.swift */; };
		19112C312A40C05E00CF9C10 /* RootApp.swift in Sources */ = {isa = PBXBuildFile; fileRef = 19112C302A40C05E00CF9C10 /* RootApp.swift */; };
		19112C342A40C11900CF9C10 /* Router.swift in Sources */ = {isa = PBXBuildFile; fileRef = 19112C332A40C11900CF9C10 /* Router.swift */; };
		194C3BCF2A3CB8FB00E27448 /* SwiftUI_Simple_Application.swift in Sources */ = {isa = PBXBuildFile; fileRef = 194C3BCE2A3CB8FB00E27448 /* SwiftUI_Simple_Application.swift */; };
		194C3BD32A3CB8FC00E27448 /* Assets.xcassets in Resources */ = {isa = PBXBuildFile; fileRef = 194C3BD22A3CB8FC00E27448 /* Assets.xcassets */; };
		194C3BD62A3CB8FC00E27448 /* Preview Assets.xcassets in Resources */ = {isa = PBXBuildFile; fileRef = 194C3BD52A3CB8FC00E27448 /* Preview Assets.xcassets */; };
		194C3BE02A3CB8FD00E27448 /* SwiftUI_Simple_ApplicationTests.swift in Sources */ = {isa = PBXBuildFile; fileRef = 194C3BDF2A3CB8FD00E27448 /* SwiftUI_Simple_ApplicationTests.swift */; };
		194C3BEA2A3CB8FD00E27448 /* SwiftUI_Simple_ApplicationUITests.swift in Sources */ = {isa = PBXBuildFile; fileRef = 194C3BE92A3CB8FD00E27448 /* SwiftUI_Simple_ApplicationUITests.swift */; };
		194C3BEC2A3CB8FD00E27448 /* SwiftUI_Simple_ApplicationUITestsLaunchTests.swift in Sources */ = {isa = PBXBuildFile; fileRef = 194C3BEB2A3CB8FD00E27448 /* SwiftUI_Simple_ApplicationUITestsLaunchTests.swift */; };
		194C3BF92A3CBC6700E27448 /* Coordinator.swift in Sources */ = {isa = PBXBuildFile; fileRef = 194C3BF82A3CBC6700E27448 /* Coordinator.swift */; };
		194C3BFC2A3CBC9200E27448 /* HomeScreenView.swift in Sources */ = {isa = PBXBuildFile; fileRef = 194C3BFB2A3CBC9200E27448 /* HomeScreenView.swift */; };
		194C3BFE2A3CBCBD00E27448 /* HomeScreenViewModel.swift in Sources */ = {isa = PBXBuildFile; fileRef = 194C3BFD2A3CBCBD00E27448 /* HomeScreenViewModel.swift */; };
		194C3C002A3CBCEE00E27448 /* HomeScreenCoordinator.swift in Sources */ = {isa = PBXBuildFile; fileRef = 194C3BFF2A3CBCEE00E27448 /* HomeScreenCoordinator.swift */; };
		194C3C052A3CCDBD00E27448 /* PeopleDTO.swift in Sources */ = {isa = PBXBuildFile; fileRef = 194C3C042A3CCDBD00E27448 /* PeopleDTO.swift */; };
		194C3C072A3CCF7500E27448 /* APIManager.swift in Sources */ = {isa = PBXBuildFile; fileRef = 194C3C062A3CCF7500E27448 /* APIManager.swift */; };
		194C3C0A2A3CD05C00E27448 /* People.swift in Sources */ = {isa = PBXBuildFile; fileRef = 194C3C092A3CD05C00E27448 /* People.swift */; };
		194C3C0D2A3CD4E800E27448 /* Constants.swift in Sources */ = {isa = PBXBuildFile; fileRef = 194C3C0C2A3CD4E800E27448 /* Constants.swift */; };
/* End PBXBuildFile section */

/* Begin PBXContainerItemProxy section */
		194C3BDC2A3CB8FD00E27448 /* PBXContainerItemProxy */ = {
			isa = PBXContainerItemProxy;
			containerPortal = 194C3BC32A3CB8FB00E27448 /* Project object */;
			proxyType = 1;
			remoteGlobalIDString = 194C3BCA2A3CB8FB00E27448;
			remoteInfo = "SwiftUI Simple Application";
		};
		194C3BE62A3CB8FD00E27448 /* PBXContainerItemProxy */ = {
			isa = PBXContainerItemProxy;
			containerPortal = 194C3BC32A3CB8FB00E27448 /* Project object */;
			proxyType = 1;
			remoteGlobalIDString = 194C3BCA2A3CB8FB00E27448;
			remoteInfo = "SwiftUI Simple Application";
		};
/* End PBXContainerItemProxy section */

/* Begin PBXFileReference section */
		19112C272A3CFDC600CF9C10 /* PeopleUseCases.swift */ = {isa = PBXFileReference; lastKnownFileType = sourcecode.swift; path = PeopleUseCases.swift; sourceTree = "<group>"; };
		19112C2A2A408FE000CF9C10 /* Destination.swift */ = {isa = PBXFileReference; lastKnownFileType = sourcecode.swift; path = Destination.swift; sourceTree = "<group>"; };
		19112C2D2A40921800CF9C10 /* DetailScreenCoordinator.swift */ = {isa = PBXFileReference; lastKnownFileType = sourcecode.swift; path = DetailScreenCoordinator.swift; sourceTree = "<group>"; };
		19112C302A40C05E00CF9C10 /* RootApp.swift */ = {isa = PBXFileReference; lastKnownFileType = sourcecode.swift; path = RootApp.swift; sourceTree = "<group>"; };
		19112C332A40C11900CF9C10 /* Router.swift */ = {isa = PBXFileReference; lastKnownFileType = sourcecode.swift; path = Router.swift; sourceTree = "<group>"; };
		194C3BCB2A3CB8FB00E27448 /* SwiftUI Simple Application.app */ = {isa = PBXFileReference; explicitFileType = wrapper.application; includeInIndex = 0; path = "SwiftUI Simple Application.app"; sourceTree = BUILT_PRODUCTS_DIR; };
		194C3BCE2A3CB8FB00E27448 /* SwiftUI_Simple_Application.swift */ = {isa = PBXFileReference; lastKnownFileType = sourcecode.swift; path = SwiftUI_Simple_Application.swift; sourceTree = "<group>"; };
		194C3BD22A3CB8FC00E27448 /* Assets.xcassets */ = {isa = PBXFileReference; lastKnownFileType = folder.assetcatalog; path = Assets.xcassets; sourceTree = "<group>"; };
		194C3BD52A3CB8FC00E27448 /* Preview Assets.xcassets */ = {isa = PBXFileReference; lastKnownFileType = folder.assetcatalog; path = "Preview Assets.xcassets"; sourceTree = "<group>"; };
		194C3BDB2A3CB8FD00E27448 /* SwiftUI Simple ApplicationTests.xctest */ = {isa = PBXFileReference; explicitFileType = wrapper.cfbundle; includeInIndex = 0; path = "SwiftUI Simple ApplicationTests.xctest"; sourceTree = BUILT_PRODUCTS_DIR; };
		194C3BDF2A3CB8FD00E27448 /* SwiftUI_Simple_ApplicationTests.swift */ = {isa = PBXFileReference; lastKnownFileType = sourcecode.swift; path = SwiftUI_Simple_ApplicationTests.swift; sourceTree = "<group>"; };
		194C3BE52A3CB8FD00E27448 /* SwiftUI Simple ApplicationUITests.xctest */ = {isa = PBXFileReference; explicitFileType = wrapper.cfbundle; includeInIndex = 0; path = "SwiftUI Simple ApplicationUITests.xctest"; sourceTree = BUILT_PRODUCTS_DIR; };
		194C3BE92A3CB8FD00E27448 /* SwiftUI_Simple_ApplicationUITests.swift */ = {isa = PBXFileReference; lastKnownFileType = sourcecode.swift; path = SwiftUI_Simple_ApplicationUITests.swift; sourceTree = "<group>"; };
		194C3BEB2A3CB8FD00E27448 /* SwiftUI_Simple_ApplicationUITestsLaunchTests.swift */ = {isa = PBXFileReference; lastKnownFileType = sourcecode.swift; path = SwiftUI_Simple_ApplicationUITestsLaunchTests.swift; sourceTree = "<group>"; };
		194C3BF82A3CBC6700E27448 /* Coordinator.swift */ = {isa = PBXFileReference; lastKnownFileType = sourcecode.swift; path = Coordinator.swift; sourceTree = "<group>"; };
		194C3BFB2A3CBC9200E27448 /* HomeScreenView.swift */ = {isa = PBXFileReference; lastKnownFileType = sourcecode.swift; path = HomeScreenView.swift; sourceTree = "<group>"; };
		194C3BFD2A3CBCBD00E27448 /* HomeScreenViewModel.swift */ = {isa = PBXFileReference; lastKnownFileType = sourcecode.swift; path = HomeScreenViewModel.swift; sourceTree = "<group>"; };
		194C3BFF2A3CBCEE00E27448 /* HomeScreenCoordinator.swift */ = {isa = PBXFileReference; lastKnownFileType = sourcecode.swift; path = HomeScreenCoordinator.swift; sourceTree = "<group>"; };
		194C3C042A3CCDBD00E27448 /* PeopleDTO.swift */ = {isa = PBXFileReference; lastKnownFileType = sourcecode.swift; path = PeopleDTO.swift; sourceTree = "<group>"; };
		194C3C062A3CCF7500E27448 /* APIManager.swift */ = {isa = PBXFileReference; lastKnownFileType = sourcecode.swift; path = APIManager.swift; sourceTree = "<group>"; };
		194C3C092A3CD05C00E27448 /* People.swift */ = {isa = PBXFileReference; lastKnownFileType = sourcecode.swift; path = People.swift; sourceTree = "<group>"; };
		194C3C0C2A3CD4E800E27448 /* Constants.swift */ = {isa = PBXFileReference; lastKnownFileType = sourcecode.swift; path = Constants.swift; sourceTree = "<group>"; };
/* End PBXFileReference section */

/* Begin PBXFrameworksBuildPhase section */
		194C3BC82A3CB8FB00E27448 /* Frameworks */ = {
			isa = PBXFrameworksBuildPhase;
			buildActionMask = 2147483647;
			files = (
			);
			runOnlyForDeploymentPostprocessing = 0;
		};
		194C3BD82A3CB8FD00E27448 /* Frameworks */ = {
			isa = PBXFrameworksBuildPhase;
			buildActionMask = 2147483647;
			files = (
			);
			runOnlyForDeploymentPostprocessing = 0;
		};
		194C3BE22A3CB8FD00E27448 /* Frameworks */ = {
			isa = PBXFrameworksBuildPhase;
			buildActionMask = 2147483647;
			files = (
			);
			runOnlyForDeploymentPostprocessing = 0;
		};
/* End PBXFrameworksBuildPhase section */

/* Begin PBXGroup section */
		19112C292A3CFF5200CF9C10 /* UseCases */ = {
			isa = PBXGroup;
			children = (
				19112C272A3CFDC600CF9C10 /* PeopleUseCases.swift */,
			);
			path = UseCases;
			sourceTree = "<group>";
		};
		19112C2C2A40920800CF9C10 /* DetailScreen */ = {
			isa = PBXGroup;
			children = (
				19112C2D2A40921800CF9C10 /* DetailScreenCoordinator.swift */,
			);
			path = DetailScreen;
			sourceTree = "<group>";
		};
		19112C2F2A40935F00CF9C10 /* PeopleListScreen */ = {
			isa = PBXGroup;
			children = (
				194C3BFF2A3CBCEE00E27448 /* HomeScreenCoordinator.swift */,
				194C3BFD2A3CBCBD00E27448 /* HomeScreenViewModel.swift */,
				194C3BFB2A3CBC9200E27448 /* HomeScreenView.swift */,
			);
			path = PeopleListScreen;
			sourceTree = "<group>";
		};
		19112C322A40C10700CF9C10 /* Protocols */ = {
			isa = PBXGroup;
			children = (
				194C3BF82A3CBC6700E27448 /* Coordinator.swift */,
				19112C332A40C11900CF9C10 /* Router.swift */,
			);
			path = Protocols;
			sourceTree = "<group>";
		};
		194C3BC22A3CB8FB00E27448 = {
			isa = PBXGroup;
			children = (
				194C3BCD2A3CB8FB00E27448 /* SwiftUI Simple Application */,
				194C3BDE2A3CB8FD00E27448 /* SwiftUI Simple ApplicationTests */,
				194C3BE82A3CB8FD00E27448 /* SwiftUI Simple ApplicationUITests */,
				194C3BCC2A3CB8FB00E27448 /* Products */,
			);
			sourceTree = "<group>";
		};
		194C3BCC2A3CB8FB00E27448 /* Products */ = {
			isa = PBXGroup;
			children = (
				194C3BCB2A3CB8FB00E27448 /* SwiftUI Simple Application.app */,
				194C3BDB2A3CB8FD00E27448 /* SwiftUI Simple ApplicationTests.xctest */,
				194C3BE52A3CB8FD00E27448 /* SwiftUI Simple ApplicationUITests.xctest */,
			);
			name = Products;
			sourceTree = "<group>";
		};
		194C3BCD2A3CB8FB00E27448 /* SwiftUI Simple Application */ = {
			isa = PBXGroup;
			children = (
				194C3C022A3CBD7B00E27448 /* Data */,
				194C3C012A3CBD7300E27448 /* Domain */,
				194C3BFA2A3CBC7B00E27448 /* Views */,
				194C3BCE2A3CB8FB00E27448 /* SwiftUI_Simple_Application.swift */,
				19112C302A40C05E00CF9C10 /* RootApp.swift */,
				19112C2A2A408FE000CF9C10 /* Destination.swift */,
				194C3C0B2A3CD4CC00E27448 /* Resources */,
				194C3BD42A3CB8FC00E27448 /* Preview Content */,
			);
			path = "SwiftUI Simple Application";
			sourceTree = "<group>";
		};
		194C3BD42A3CB8FC00E27448 /* Preview Content */ = {
			isa = PBXGroup;
			children = (
				194C3BD52A3CB8FC00E27448 /* Preview Assets.xcassets */,
			);
			path = "Preview Content";
			sourceTree = "<group>";
		};
		194C3BDE2A3CB8FD00E27448 /* SwiftUI Simple ApplicationTests */ = {
			isa = PBXGroup;
			children = (
				194C3BDF2A3CB8FD00E27448 /* SwiftUI_Simple_ApplicationTests.swift */,
			);
			path = "SwiftUI Simple ApplicationTests";
			sourceTree = "<group>";
		};
		194C3BE82A3CB8FD00E27448 /* SwiftUI Simple ApplicationUITests */ = {
			isa = PBXGroup;
			children = (
				194C3BE92A3CB8FD00E27448 /* SwiftUI_Simple_ApplicationUITests.swift */,
				194C3BEB2A3CB8FD00E27448 /* SwiftUI_Simple_ApplicationUITestsLaunchTests.swift */,
			);
			path = "SwiftUI Simple ApplicationUITests";
			sourceTree = "<group>";
		};
		194C3BFA2A3CBC7B00E27448 /* Views */ = {
			isa = PBXGroup;
			children = (
				19112C2F2A40935F00CF9C10 /* PeopleListScreen */,
				19112C2C2A40920800CF9C10 /* DetailScreen */,
			);
			path = Views;
			sourceTree = "<group>";
		};
		194C3C012A3CBD7300E27448 /* Domain */ = {
			isa = PBXGroup;
			children = (
				19112C322A40C10700CF9C10 /* Protocols */,
				194C3C082A3CD03000E27448 /* Entities */,
				19112C292A3CFF5200CF9C10 /* UseCases */,
			);
			path = Domain;
			sourceTree = "<group>";
		};
		194C3C022A3CBD7B00E27448 /* Data */ = {
			isa = PBXGroup;
			children = (
				194C3C032A3CCDA000E27448 /* Networking */,
			);
			path = Data;
			sourceTree = "<group>";
		};
		194C3C032A3CCDA000E27448 /* Networking */ = {
			isa = PBXGroup;
			children = (
				194C3C042A3CCDBD00E27448 /* PeopleDTO.swift */,
				194C3C062A3CCF7500E27448 /* APIManager.swift */,
			);
			path = Networking;
			sourceTree = "<group>";
		};
		194C3C082A3CD03000E27448 /* Entities */ = {
			isa = PBXGroup;
			children = (
				194C3C092A3CD05C00E27448 /* People.swift */,
			);
			path = Entities;
			sourceTree = "<group>";
		};
		194C3C0B2A3CD4CC00E27448 /* Resources */ = {
			isa = PBXGroup;
			children = (
				194C3C0C2A3CD4E800E27448 /* Constants.swift */,
				194C3BD22A3CB8FC00E27448 /* Assets.xcassets */,
			);
			path = Resources;
			sourceTree = "<group>";
		};
/* End PBXGroup section */

/* Begin PBXNativeTarget section */
		194C3BCA2A3CB8FB00E27448 /* SwiftUI Simple Application */ = {
			isa = PBXNativeTarget;
			buildConfigurationList = 194C3BEF2A3CB8FD00E27448 /* Build configuration list for PBXNativeTarget "SwiftUI Simple Application" */;
			buildPhases = (
				194C3BC72A3CB8FB00E27448 /* Sources */,
				194C3BC82A3CB8FB00E27448 /* Frameworks */,
				194C3BC92A3CB8FB00E27448 /* Resources */,
			);
			buildRules = (
			);
			dependencies = (
			);
			name = "SwiftUI Simple Application";
			productName = "SwiftUI Simple Application";
			productReference = 194C3BCB2A3CB8FB00E27448 /* SwiftUI Simple Application.app */;
			productType = "com.apple.product-type.application";
		};
		194C3BDA2A3CB8FD00E27448 /* SwiftUI Simple ApplicationTests */ = {
			isa = PBXNativeTarget;
			buildConfigurationList = 194C3BF22A3CB8FD00E27448 /* Build configuration list for PBXNativeTarget "SwiftUI Simple ApplicationTests" */;
			buildPhases = (
				194C3BD72A3CB8FD00E27448 /* Sources */,
				194C3BD82A3CB8FD00E27448 /* Frameworks */,
				194C3BD92A3CB8FD00E27448 /* Resources */,
			);
			buildRules = (
			);
			dependencies = (
				194C3BDD2A3CB8FD00E27448 /* PBXTargetDependency */,
			);
			name = "SwiftUI Simple ApplicationTests";
			productName = "SwiftUI Simple ApplicationTests";
			productReference = 194C3BDB2A3CB8FD00E27448 /* SwiftUI Simple ApplicationTests.xctest */;
			productType = "com.apple.product-type.bundle.unit-test";
		};
		194C3BE42A3CB8FD00E27448 /* SwiftUI Simple ApplicationUITests */ = {
			isa = PBXNativeTarget;
			buildConfigurationList = 194C3BF52A3CB8FD00E27448 /* Build configuration list for PBXNativeTarget "SwiftUI Simple ApplicationUITests" */;
			buildPhases = (
				194C3BE12A3CB8FD00E27448 /* Sources */,
				194C3BE22A3CB8FD00E27448 /* Frameworks */,
				194C3BE32A3CB8FD00E27448 /* Resources */,
			);
			buildRules = (
			);
			dependencies = (
				194C3BE72A3CB8FD00E27448 /* PBXTargetDependency */,
			);
			name = "SwiftUI Simple ApplicationUITests";
			productName = "SwiftUI Simple ApplicationUITests";
			productReference = 194C3BE52A3CB8FD00E27448 /* SwiftUI Simple ApplicationUITests.xctest */;
			productType = "com.apple.product-type.bundle.ui-testing";
		};
/* End PBXNativeTarget section */

/* Begin PBXProject section */
		194C3BC32A3CB8FB00E27448 /* Project object */ = {
			isa = PBXProject;
			attributes = {
				BuildIndependentTargetsInParallel = 1;
				LastSwiftUpdateCheck = 1420;
				LastUpgradeCheck = 1420;
				TargetAttributes = {
					194C3BCA2A3CB8FB00E27448 = {
						CreatedOnToolsVersion = 14.2;
					};
					194C3BDA2A3CB8FD00E27448 = {
						CreatedOnToolsVersion = 14.2;
						TestTargetID = 194C3BCA2A3CB8FB00E27448;
					};
					194C3BE42A3CB8FD00E27448 = {
						CreatedOnToolsVersion = 14.2;
						TestTargetID = 194C3BCA2A3CB8FB00E27448;
					};
				};
			};
			buildConfigurationList = 194C3BC62A3CB8FB00E27448 /* Build configuration list for PBXProject "SwiftUI Simple Application" */;
			compatibilityVersion = "Xcode 14.0";
			developmentRegion = en;
			hasScannedForEncodings = 0;
			knownRegions = (
				en,
				Base,
			);
			mainGroup = 194C3BC22A3CB8FB00E27448;
			productRefGroup = 194C3BCC2A3CB8FB00E27448 /* Products */;
			projectDirPath = "";
			projectRoot = "";
			targets = (
				194C3BCA2A3CB8FB00E27448 /* SwiftUI Simple Application */,
				194C3BDA2A3CB8FD00E27448 /* SwiftUI Simple ApplicationTests */,
				194C3BE42A3CB8FD00E27448 /* SwiftUI Simple ApplicationUITests */,
			);
		};
/* End PBXProject section */

/* Begin PBXResourcesBuildPhase section */
		194C3BC92A3CB8FB00E27448 /* Resources */ = {
			isa = PBXResourcesBuildPhase;
			buildActionMask = 2147483647;
			files = (
				194C3BD62A3CB8FC00E27448 /* Preview Assets.xcassets in Resources */,
				194C3BD32A3CB8FC00E27448 /* Assets.xcassets in Resources */,
			);
			runOnlyForDeploymentPostprocessing = 0;
		};
		194C3BD92A3CB8FD00E27448 /* Resources */ = {
			isa = PBXResourcesBuildPhase;
			buildActionMask = 2147483647;
			files = (
			);
			runOnlyForDeploymentPostprocessing = 0;
		};
		194C3BE32A3CB8FD00E27448 /* Resources */ = {
			isa = PBXResourcesBuildPhase;
			buildActionMask = 2147483647;
			files = (
			);
			runOnlyForDeploymentPostprocessing = 0;
		};
/* End PBXResourcesBuildPhase section */

/* Begin PBXSourcesBuildPhase section */
		194C3BC72A3CB8FB00E27448 /* Sources */ = {
			isa = PBXSourcesBuildPhase;
			buildActionMask = 2147483647;
			files = (
				19112C312A40C05E00CF9C10 /* RootApp.swift in Sources */,
				194C3C052A3CCDBD00E27448 /* PeopleDTO.swift in Sources */,
				194C3BCF2A3CB8FB00E27448 /* SwiftUI_Simple_Application.swift in Sources */,
				194C3BF92A3CBC6700E27448 /* Coordinator.swift in Sources */,
				19112C2E2A40921800CF9C10 /* DetailScreenCoordinator.swift in Sources */,
				194C3C072A3CCF7500E27448 /* APIManager.swift in Sources */,
				194C3C0A2A3CD05C00E27448 /* People.swift in Sources */,
				194C3C002A3CBCEE00E27448 /* HomeScreenCoordinator.swift in Sources */,
				19112C282A3CFDC600CF9C10 /* PeopleUseCases.swift in Sources */,
				194C3BFC2A3CBC9200E27448 /* HomeScreenView.swift in Sources */,
				19112C342A40C11900CF9C10 /* Router.swift in Sources */,
				19112C2B2A408FE000CF9C10 /* Destination.swift in Sources */,
				194C3BFE2A3CBCBD00E27448 /* HomeScreenViewModel.swift in Sources */,
				194C3C0D2A3CD4E800E27448 /* Constants.swift in Sources */,
			);
			runOnlyForDeploymentPostprocessing = 0;
		};
		194C3BD72A3CB8FD00E27448 /* Sources */ = {
			isa = PBXSourcesBuildPhase;
			buildActionMask = 2147483647;
			files = (
				194C3BE02A3CB8FD00E27448 /* SwiftUI_Simple_ApplicationTests.swift in Sources */,
			);
			runOnlyForDeploymentPostprocessing = 0;
		};
		194C3BE12A3CB8FD00E27448 /* Sources */ = {
			isa = PBXSourcesBuildPhase;
			buildActionMask = 2147483647;
			files = (
				194C3BEA2A3CB8FD00E27448 /* SwiftUI_Simple_ApplicationUITests.swift in Sources */,
				194C3BEC2A3CB8FD00E27448 /* SwiftUI_Simple_ApplicationUITestsLaunchTests.swift in Sources */,
			);
			runOnlyForDeploymentPostprocessing = 0;
		};
/* End PBXSourcesBuildPhase section */

/* Begin PBXTargetDependency section */
		194C3BDD2A3CB8FD00E27448 /* PBXTargetDependency */ = {
			isa = PBXTargetDependency;
			target = 194C3BCA2A3CB8FB00E27448 /* SwiftUI Simple Application */;
			targetProxy = 194C3BDC2A3CB8FD00E27448 /* PBXContainerItemProxy */;
		};
		194C3BE72A3CB8FD00E27448 /* PBXTargetDependency */ = {
			isa = PBXTargetDependency;
			target = 194C3BCA2A3CB8FB00E27448 /* SwiftUI Simple Application */;
			targetProxy = 194C3BE62A3CB8FD00E27448 /* PBXContainerItemProxy */;
		};
/* End PBXTargetDependency section */

/* Begin XCBuildConfiguration section */
		194C3BED2A3CB8FD00E27448 /* Debug */ = {
			isa = XCBuildConfiguration;
			buildSettings = {
				ALWAYS_SEARCH_USER_PATHS = NO;
				CLANG_ANALYZER_NONNULL = YES;
				CLANG_ANALYZER_NUMBER_OBJECT_CONVERSION = YES_AGGRESSIVE;
				CLANG_CXX_LANGUAGE_STANDARD = "gnu++20";
				CLANG_ENABLE_MODULES = YES;
				CLANG_ENABLE_OBJC_ARC = YES;
				CLANG_ENABLE_OBJC_WEAK = YES;
				CLANG_WARN_BLOCK_CAPTURE_AUTORELEASING = YES;
				CLANG_WARN_BOOL_CONVERSION = YES;
				CLANG_WARN_COMMA = YES;
				CLANG_WARN_CONSTANT_CONVERSION = YES;
				CLANG_WARN_DEPRECATED_OBJC_IMPLEMENTATIONS = YES;
				CLANG_WARN_DIRECT_OBJC_ISA_USAGE = YES_ERROR;
				CLANG_WARN_DOCUMENTATION_COMMENTS = YES;
				CLANG_WARN_EMPTY_BODY = YES;
				CLANG_WARN_ENUM_CONVERSION = YES;
				CLANG_WARN_INFINITE_RECURSION = YES;
				CLANG_WARN_INT_CONVERSION = YES;
				CLANG_WARN_NON_LITERAL_NULL_CONVERSION = YES;
				CLANG_WARN_OBJC_IMPLICIT_RETAIN_SELF = YES;
				CLANG_WARN_OBJC_LITERAL_CONVERSION = YES;
				CLANG_WARN_OBJC_ROOT_CLASS = YES_ERROR;
				CLANG_WARN_QUOTED_INCLUDE_IN_FRAMEWORK_HEADER = YES;
				CLANG_WARN_RANGE_LOOP_ANALYSIS = YES;
				CLANG_WARN_STRICT_PROTOTYPES = YES;
				CLANG_WARN_SUSPICIOUS_MOVE = YES;
				CLANG_WARN_UNGUARDED_AVAILABILITY = YES_AGGRESSIVE;
				CLANG_WARN_UNREACHABLE_CODE = YES;
				CLANG_WARN__DUPLICATE_METHOD_MATCH = YES;
				COPY_PHASE_STRIP = NO;
				DEBUG_INFORMATION_FORMAT = dwarf;
				ENABLE_STRICT_OBJC_MSGSEND = YES;
				ENABLE_TESTABILITY = YES;
				GCC_C_LANGUAGE_STANDARD = gnu11;
				GCC_DYNAMIC_NO_PIC = NO;
				GCC_NO_COMMON_BLOCKS = YES;
				GCC_OPTIMIZATION_LEVEL = 0;
				GCC_PREPROCESSOR_DEFINITIONS = (
					"DEBUG=1",
					"$(inherited)",
				);
				GCC_WARN_64_TO_32_BIT_CONVERSION = YES;
				GCC_WARN_ABOUT_RETURN_TYPE = YES_ERROR;
				GCC_WARN_UNDECLARED_SELECTOR = YES;
				GCC_WARN_UNINITIALIZED_AUTOS = YES_AGGRESSIVE;
				GCC_WARN_UNUSED_FUNCTION = YES;
				GCC_WARN_UNUSED_VARIABLE = YES;
				IPHONEOS_DEPLOYMENT_TARGET = 16.2;
				MTL_ENABLE_DEBUG_INFO = INCLUDE_SOURCE;
				MTL_FAST_MATH = YES;
				ONLY_ACTIVE_ARCH = YES;
				SDKROOT = iphoneos;
				SWIFT_ACTIVE_COMPILATION_CONDITIONS = DEBUG;
				SWIFT_OPTIMIZATION_LEVEL = "-Onone";
			};
			name = Debug;
		};
		194C3BEE2A3CB8FD00E27448 /* Release */ = {
			isa = XCBuildConfiguration;
			buildSettings = {
				ALWAYS_SEARCH_USER_PATHS = NO;
				CLANG_ANALYZER_NONNULL = YES;
				CLANG_ANALYZER_NUMBER_OBJECT_CONVERSION = YES_AGGRESSIVE;
				CLANG_CXX_LANGUAGE_STANDARD = "gnu++20";
				CLANG_ENABLE_MODULES = YES;
				CLANG_ENABLE_OBJC_ARC = YES;
				CLANG_ENABLE_OBJC_WEAK = YES;
				CLANG_WARN_BLOCK_CAPTURE_AUTORELEASING = YES;
				CLANG_WARN_BOOL_CONVERSION = YES;
				CLANG_WARN_COMMA = YES;
				CLANG_WARN_CONSTANT_CONVERSION = YES;
				CLANG_WARN_DEPRECATED_OBJC_IMPLEMENTATIONS = YES;
				CLANG_WARN_DIRECT_OBJC_ISA_USAGE = YES_ERROR;
				CLANG_WARN_DOCUMENTATION_COMMENTS = YES;
				CLANG_WARN_EMPTY_BODY = YES;
				CLANG_WARN_ENUM_CONVERSION = YES;
				CLANG_WARN_INFINITE_RECURSION = YES;
				CLANG_WARN_INT_CONVERSION = YES;
				CLANG_WARN_NON_LITERAL_NULL_CONVERSION = YES;
				CLANG_WARN_OBJC_IMPLICIT_RETAIN_SELF = YES;
				CLANG_WARN_OBJC_LITERAL_CONVERSION = YES;
				CLANG_WARN_OBJC_ROOT_CLASS = YES_ERROR;
				CLANG_WARN_QUOTED_INCLUDE_IN_FRAMEWORK_HEADER = YES;
				CLANG_WARN_RANGE_LOOP_ANALYSIS = YES;
				CLANG_WARN_STRICT_PROTOTYPES = YES;
				CLANG_WARN_SUSPICIOUS_MOVE = YES;
				CLANG_WARN_UNGUARDED_AVAILABILITY = YES_AGGRESSIVE;
				CLANG_WARN_UNREACHABLE_CODE = YES;
				CLANG_WARN__DUPLICATE_METHOD_MATCH = YES;
				COPY_PHASE_STRIP = NO;
				DEBUG_INFORMATION_FORMAT = "dwarf-with-dsym";
				ENABLE_NS_ASSERTIONS = NO;
				ENABLE_STRICT_OBJC_MSGSEND = YES;
				GCC_C_LANGUAGE_STANDARD = gnu11;
				GCC_NO_COMMON_BLOCKS = YES;
				GCC_WARN_64_TO_32_BIT_CONVERSION = YES;
				GCC_WARN_ABOUT_RETURN_TYPE = YES_ERROR;
				GCC_WARN_UNDECLARED_SELECTOR = YES;
				GCC_WARN_UNINITIALIZED_AUTOS = YES_AGGRESSIVE;
				GCC_WARN_UNUSED_FUNCTION = YES;
				GCC_WARN_UNUSED_VARIABLE = YES;
				IPHONEOS_DEPLOYMENT_TARGET = 16.2;
				MTL_ENABLE_DEBUG_INFO = NO;
				MTL_FAST_MATH = YES;
				SDKROOT = iphoneos;
				SWIFT_COMPILATION_MODE = wholemodule;
				SWIFT_OPTIMIZATION_LEVEL = "-O";
				VALIDATE_PRODUCT = YES;
			};
			name = Release;
		};
		194C3BF02A3CB8FD00E27448 /* Debug */ = {
			isa = XCBuildConfiguration;
			buildSettings = {
				ASSETCATALOG_COMPILER_APPICON_NAME = AppIcon;
				ASSETCATALOG_COMPILER_GLOBAL_ACCENT_COLOR_NAME = AccentColor;
				CODE_SIGN_STYLE = Automatic;
				CURRENT_PROJECT_VERSION = 1;
				DEVELOPMENT_ASSET_PATHS = "\"SwiftUI Simple Application/Preview Content\"";
				ENABLE_PREVIEWS = YES;
				GENERATE_INFOPLIST_FILE = YES;
				INFOPLIST_KEY_UIApplicationSceneManifest_Generation = YES;
				INFOPLIST_KEY_UIApplicationSupportsIndirectInputEvents = YES;
				INFOPLIST_KEY_UILaunchScreen_Generation = YES;
				INFOPLIST_KEY_UISupportedInterfaceOrientations_iPad = "UIInterfaceOrientationPortrait UIInterfaceOrientationPortraitUpsideDown UIInterfaceOrientationLandscapeLeft UIInterfaceOrientationLandscapeRight";
				INFOPLIST_KEY_UISupportedInterfaceOrientations_iPhone = "UIInterfaceOrientationPortrait UIInterfaceOrientationLandscapeLeft UIInterfaceOrientationLandscapeRight";
				LD_RUNPATH_SEARCH_PATHS = (
					"$(inherited)",
					"@executable_path/Frameworks",
				);
				MARKETING_VERSION = 1.0;
				PRODUCT_BUNDLE_IDENTIFIER = "com.kmc98-.SwiftUI-Simple-Application";
				PRODUCT_NAME = "$(TARGET_NAME)";
				SWIFT_EMIT_LOC_STRINGS = YES;
				SWIFT_VERSION = 5.0;
				TARGETED_DEVICE_FAMILY = "1,2";
			};
			name = Debug;
		};
		194C3BF12A3CB8FD00E27448 /* Release */ = {
			isa = XCBuildConfiguration;
			buildSettings = {
				ASSETCATALOG_COMPILER_APPICON_NAME = AppIcon;
				ASSETCATALOG_COMPILER_GLOBAL_ACCENT_COLOR_NAME = AccentColor;
				CODE_SIGN_STYLE = Automatic;
				CURRENT_PROJECT_VERSION = 1;
				DEVELOPMENT_ASSET_PATHS = "\"SwiftUI Simple Application/Preview Content\"";
				ENABLE_PREVIEWS = YES;
				GENERATE_INFOPLIST_FILE = YES;
				INFOPLIST_KEY_UIApplicationSceneManifest_Generation = YES;
				INFOPLIST_KEY_UIApplicationSupportsIndirectInputEvents = YES;
				INFOPLIST_KEY_UILaunchScreen_Generation = YES;
				INFOPLIST_KEY_UISupportedInterfaceOrientations_iPad = "UIInterfaceOrientationPortrait UIInterfaceOrientationPortraitUpsideDown UIInterfaceOrientationLandscapeLeft UIInterfaceOrientationLandscapeRight";
				INFOPLIST_KEY_UISupportedInterfaceOrientations_iPhone = "UIInterfaceOrientationPortrait UIInterfaceOrientationLandscapeLeft UIInterfaceOrientationLandscapeRight";
				LD_RUNPATH_SEARCH_PATHS = (
					"$(inherited)",
					"@executable_path/Frameworks",
				);
				MARKETING_VERSION = 1.0;
				PRODUCT_BUNDLE_IDENTIFIER = "com.kmc98-.SwiftUI-Simple-Application";
				PRODUCT_NAME = "$(TARGET_NAME)";
				SWIFT_EMIT_LOC_STRINGS = YES;
				SWIFT_VERSION = 5.0;
				TARGETED_DEVICE_FAMILY = "1,2";
			};
			name = Release;
		};
		194C3BF32A3CB8FD00E27448 /* Debug */ = {
			isa = XCBuildConfiguration;
			buildSettings = {
				ALWAYS_EMBED_SWIFT_STANDARD_LIBRARIES = YES;
				BUNDLE_LOADER = "$(TEST_HOST)";
				CODE_SIGN_STYLE = Automatic;
				CURRENT_PROJECT_VERSION = 1;
				GENERATE_INFOPLIST_FILE = YES;
				IPHONEOS_DEPLOYMENT_TARGET = 16.2;
				MARKETING_VERSION = 1.0;
				PRODUCT_BUNDLE_IDENTIFIER = "com.kmc98-.SwiftUI-Simple-ApplicationTests";
				PRODUCT_NAME = "$(TARGET_NAME)";
				SWIFT_EMIT_LOC_STRINGS = NO;
				SWIFT_VERSION = 5.0;
				TARGETED_DEVICE_FAMILY = "1,2";
				TEST_HOST = "$(BUILT_PRODUCTS_DIR)/SwiftUI Simple Application.app/$(BUNDLE_EXECUTABLE_FOLDER_PATH)/SwiftUI Simple Application";
			};
			name = Debug;
		};
		194C3BF42A3CB8FD00E27448 /* Release */ = {
			isa = XCBuildConfiguration;
			buildSettings = {
				ALWAYS_EMBED_SWIFT_STANDARD_LIBRARIES = YES;
				BUNDLE_LOADER = "$(TEST_HOST)";
				CODE_SIGN_STYLE = Automatic;
				CURRENT_PROJECT_VERSION = 1;
				GENERATE_INFOPLIST_FILE = YES;
				IPHONEOS_DEPLOYMENT_TARGET = 16.2;
				MARKETING_VERSION = 1.0;
				PRODUCT_BUNDLE_IDENTIFIER = "com.kmc98-.SwiftUI-Simple-ApplicationTests";
				PRODUCT_NAME = "$(TARGET_NAME)";
				SWIFT_EMIT_LOC_STRINGS = NO;
				SWIFT_VERSION = 5.0;
				TARGETED_DEVICE_FAMILY = "1,2";
				TEST_HOST = "$(BUILT_PRODUCTS_DIR)/SwiftUI Simple Application.app/$(BUNDLE_EXECUTABLE_FOLDER_PATH)/SwiftUI Simple Application";
			};
			name = Release;
		};
		194C3BF62A3CB8FD00E27448 /* Debug */ = {
			isa = XCBuildConfiguration;
			buildSettings = {
				ALWAYS_EMBED_SWIFT_STANDARD_LIBRARIES = YES;
				CODE_SIGN_STYLE = Automatic;
				CURRENT_PROJECT_VERSION = 1;
				GENERATE_INFOPLIST_FILE = YES;
				MARKETING_VERSION = 1.0;
				PRODUCT_BUNDLE_IDENTIFIER = "com.kmc98-.SwiftUI-Simple-ApplicationUITests";
				PRODUCT_NAME = "$(TARGET_NAME)";
				SWIFT_EMIT_LOC_STRINGS = NO;
				SWIFT_VERSION = 5.0;
				TARGETED_DEVICE_FAMILY = "1,2";
				TEST_TARGET_NAME = "SwiftUI Simple Application";
			};
			name = Debug;
		};
		194C3BF72A3CB8FD00E27448 /* Release */ = {
			isa = XCBuildConfiguration;
			buildSettings = {
				ALWAYS_EMBED_SWIFT_STANDARD_LIBRARIES = YES;
				CODE_SIGN_STYLE = Automatic;
				CURRENT_PROJECT_VERSION = 1;
				GENERATE_INFOPLIST_FILE = YES;
				MARKETING_VERSION = 1.0;
				PRODUCT_BUNDLE_IDENTIFIER = "com.kmc98-.SwiftUI-Simple-ApplicationUITests";
				PRODUCT_NAME = "$(TARGET_NAME)";
				SWIFT_EMIT_LOC_STRINGS = NO;
				SWIFT_VERSION = 5.0;
				TARGETED_DEVICE_FAMILY = "1,2";
				TEST_TARGET_NAME = "SwiftUI Simple Application";
			};
			name = Release;
		};
/* End XCBuildConfiguration section */

/* Begin XCConfigurationList section */
		194C3BC62A3CB8FB00E27448 /* Build configuration list for PBXProject "SwiftUI Simple Application" */ = {
			isa = XCConfigurationList;
			buildConfigurations = (
				194C3BED2A3CB8FD00E27448 /* Debug */,
				194C3BEE2A3CB8FD00E27448 /* Release */,
			);
			defaultConfigurationIsVisible = 0;
			defaultConfigurationName = Release;
		};
		194C3BEF2A3CB8FD00E27448 /* Build configuration list for PBXNativeTarget "SwiftUI Simple Application" */ = {
			isa = XCConfigurationList;
			buildConfigurations = (
				194C3BF02A3CB8FD00E27448 /* Debug */,
				194C3BF12A3CB8FD00E27448 /* Release */,
			);
			defaultConfigurationIsVisible = 0;
			defaultConfigurationName = Release;
		};
		194C3BF22A3CB8FD00E27448 /* Build configuration list for PBXNativeTarget "SwiftUI Simple ApplicationTests" */ = {
			isa = XCConfigurationList;
			buildConfigurations = (
				194C3BF32A3CB8FD00E27448 /* Debug */,
				194C3BF42A3CB8FD00E27448 /* Release */,
			);
			defaultConfigurationIsVisible = 0;
			defaultConfigurationName = Release;
		};
		194C3BF52A3CB8FD00E27448 /* Build configuration list for PBXNativeTarget "SwiftUI Simple ApplicationUITests" */ = {
			isa = XCConfigurationList;
			buildConfigurations = (
				194C3BF62A3CB8FD00E27448 /* Debug */,
				194C3BF72A3CB8FD00E27448 /* Release */,
			);
			defaultConfigurationIsVisible = 0;
			defaultConfigurationName = Release;
		};
/* End XCConfigurationList section */
	};
	rootObject = 194C3BC32A3CB8FB00E27448 /* Project object */;
}
